// !$*UTF8*$!
{
	archiveVersion = 1;
	classes = {
	};
	objectVersion = 60;
	objects = {

/* Begin PBXBuildFile section */
		F1A700000000000000000B01 /* FlatlineApp.swift in Sources */ = {isa = PBXBuildFile; fileRef = F1A700000000000000000F01 /* FlatlineApp.swift */; };
		F1A700000000000000000B02 /* Assets.xcassets in Resources */ = {isa = PBXBuildFile; fileRef = F1A700000000000000000F03 /* Assets.xcassets */; };
		F1A700000000000000000B03 /* FlatlineKit in Frameworks */ = {isa = PBXBuildFile; productRef = F1A700000000000000000PD1 /* FlatlineKit */; };
		F1A700000000000000000B04 /* FlatlineWidgetsExtension.appex in Embed Foundation Extensions */ = {isa = PBXBuildFile; fileRef = F1A700000000000000000PR2 /* FlatlineWidgetsExtension.appex */; settings = {ATTRIBUTES = (RemoveHeadersOnCopy, ); }; };
		F1A700000000000000000B05 /* FlatlineWidgetBundle.swift in Sources */ = {isa = PBXBuildFile; fileRef = F1A700000000000000000F04 /* FlatlineWidgetBundle.swift */; };
		F1A700000000000000000B06 /* FlatlineKit in Frameworks */ = {isa = PBXBuildFile; productRef = F1A700000000000000000PD2 /* FlatlineKit */; };
/* End PBXBuildFile section */

/* Begin PBXContainerItemProxy section */
		F1A700000000000000000CP1 /* PBXContainerItemProxy */ = {
			isa = PBXContainerItemProxy;
			containerPortal = F1A700000000000000000P01 /* Project object */;
			proxyType = 1;
			remoteGlobalIDString = F1A700000000000000000T02;
			remoteInfo = FlatlineWidgetsExtension;
		};
/* End PBXContainerItemProxy section */

/* Begin PBXCopyFilesBuildPhase section */
		F1A700000000000000000CF1 /* Embed Foundation Extensions */ = {
			isa = PBXCopyFilesBuildPhase;
			buildActionMask = 2147483647;
			dstPath = "";
			dstSubfolderSpec = 13;
			files = (
				F1A700000000000000000B04 /* FlatlineWidgetsExtension.appex in Embed Foundation Extensions */,
			);
			name = "Embed Foundation Extensions";
			runOnlyForDeploymentPostprocessing = 0;
		};
/* End PBXCopyFilesBuildPhase section */

/* Begin PBXFileReference section */
		F1A700000000000000000F01 /* FlatlineApp.swift */ = {isa = PBXFileReference; lastKnownFileType = sourcecode.swift; path = FlatlineApp.swift; sourceTree = "<group>"; };
		F1A700000000000000000F02 /* Flatline.entitlements */ = {isa = PBXFileReference; lastKnownFileType = text.plist.entitlements; path = Flatline.entitlements; sourceTree = "<group>"; };
		F1A700000000000000000F03 /* Assets.xcassets */ = {isa = PBXFileReference; lastKnownFileType = folder.assetcatalog; path = Assets.xcassets; sourceTree = "<group>"; };
		F1A700000000000000000F04 /* FlatlineWidgetBundle.swift */ = {isa = PBXFileReference; lastKnownFileType = sourcecode.swift; path = FlatlineWidgetBundle.swift; sourceTree = "<group>"; };
		F1A700000000000000000F05 /* Info.plist */ = {isa = PBXFileReference; lastKnownFileType = text.plist.xml; path = Info.plist; sourceTree = "<group>"; };
		F1A700000000000000000F06 /* FlatlineWidgets.entitlements */ = {isa = PBXFileReference; lastKnownFileType = text.plist.entitlements; path = FlatlineWidgets.entitlements; sourceTree = "<group>"; };
		F1A700000000000000000PR1 /* Flatline.app */ = {isa = PBXFileReference; explicitFileType = wrapper.application; includeInIndex = 0; path = Flatline.app; sourceTree = BUILT_PRODUCTS_DIR; };
		F1A700000000000000000PR2 /* FlatlineWidgetsExtension.appex */ = {isa = PBXFileReference; explicitFileType = "wrapper.app-extension"; includeInIndex = 0; path = FlatlineWidgetsExtension.appex; sourceTree = BUILT_PRODUCTS_DIR; };
/* End PBXFileReference section */

/* Begin PBXFrameworksBuildPhase section */
		F1A700000000000000000FW1 /* Frameworks */ = {
			isa = PBXFrameworksBuildPhase;
			buildActionMask = 2147483647;
			files = (
				F1A700000000000000000B03 /* FlatlineKit in Frameworks */,
			);
			runOnlyForDeploymentPostprocessing = 0;
		};
		F1A700000000000000000FW2 /* Frameworks */ = {
			isa = PBXFrameworksBuildPhase;
			buildActionMask = 2147483647;
			files = (
				F1A700000000000000000B06 /* FlatlineKit in Frameworks */,
			);
			runOnlyForDeploymentPostprocessing = 0;
		};
/* End PBXFrameworksBuildPhase section */

/* Begin PBXGroup section */
		F1A700000000000000000G01 = {
			isa = PBXGroup;
			children = (
				F1A700000000000000000G02 /* Flatline */,
				F1A700000000000000000G03 /* FlatlineWidgets */,
				F1A700000000000000000G04 /* Packages */,
				F1A700000000000000000G05 /* Products */,
			);
			sourceTree = "<group>";
		};
		F1A700000000000000000G02 /* Flatline */ = {
			isa = PBXGroup;
			children = (
				F1A700000000000000000F01 /* FlatlineApp.swift */,
				F1A700000000000000000F02 /* Flatline.entitlements */,
				F1A700000000000000000F03 /* Assets.xcassets */,
			);
			path = Flatline;
			sourceTree = "<group>";
		};
		F1A700000000000000000G03 /* FlatlineWidgets */ = {
			isa = PBXGroup;
			children = (
				F1A700000000000000000F04 /* FlatlineWidgetBundle.swift */,
				F1A700000000000000000F05 /* Info.plist */,
				F1A700000000000000000F06 /* FlatlineWidgets.entitlements */,
			);
			path = FlatlineWidgets;
			sourceTree = "<group>";
		};
		F1A700000000000000000G04 /* Packages */ = {
			isa = PBXGroup;
			children = (
			);
			path = Packages;
			sourceTree = "<group>";
		};
		F1A700000000000000000G05 /* Products */ = {
			isa = PBXGroup;
			children = (
				F1A700000000000000000PR1 /* Flatline.app */,
				F1A700000000000000000PR2 /* FlatlineWidgetsExtension.appex */,
			);
			name = Products;
			sourceTree = "<group>";
		};
/* End PBXGroup section */

/* Begin PBXNativeTarget section */
		F1A700000000000000000T01 /* Flatline */ = {
			isa = PBXNativeTarget;
			buildConfigurationList = F1A700000000000000000CL2 /* Build configuration list for PBXNativeTarget "Flatline" */;
			buildPhases = (
				F1A700000000000000000S01 /* Sources */,
				F1A700000000000000000FW1 /* Frameworks */,
				F1A700000000000000000R01 /* Resources */,
				F1A700000000000000000CF1 /* Embed Foundation Extensions */,
			);
			buildRules = (
			);
			dependencies = (
				F1A700000000000000000D01 /* PBXTargetDependency */,
			);
			name = Flatline;
			packageProductDependencies = (
				F1A700000000000000000PD1 /* FlatlineKit */,
			);
			productName = Flatline;
			productReference = F1A700000000000000000PR1 /* Flatline.app */;
			productType = "com.apple.product-type.application";
		};
		F1A700000000000000000T02 /* FlatlineWidgetsExtension */ = {
			isa = PBXNativeTarget;
			buildConfigurationList = F1A700000000000000000CL3 /* Build configuration list for PBXNativeTarget "FlatlineWidgetsExtension" */;
			buildPhases = (
				F1A700000000000000000S02 /* Sources */,
				F1A700000000000000000FW2 /* Frameworks */,
			);
			buildRules = (
			);
			dependencies = (
			);
			name = FlatlineWidgetsExtension;
			packageProductDependencies = (
				F1A700000000000000000PD2 /* FlatlineKit */,
			);
			productName = FlatlineWidgetsExtension;
			productReference = F1A700000000000000000PR2 /* FlatlineWidgetsExtension.appex */;
			productType = "com.apple.product-type.app-extension";
		};
/* End PBXNativeTarget section */

/* Begin PBXProject section */
		F1A700000000000000000P01 /* Project object */ = {
			isa = PBXProject;
			attributes = {
				BuildIndependentTargetsInParallel = 1;
				LastSwiftUpdateCheck = 1500;
				LastUpgradeCheck = 1500;
				TargetAttributes = {
					F1A700000000000000000T01 = {
						CreatedOnToolsVersion = 15.0;
					};
					F1A700000000000000000T02 = {
						CreatedOnToolsVersion = 15.0;
					};
				};
			};
			buildConfigurationList = F1A700000000000000000CL1 /* Build configuration list for PBXProject "Flatline" */;
			compatibilityVersion = "Xcode 14.0";
			developmentRegion = en;
			hasScannedForEncodings = 0;
			knownRegions = (
				en,
				Base,
			);
			mainGroup = F1A700000000000000000G01;
			packageReferences = (
				F1A700000000000000000LP1 /* XCLocalSwiftPackageReference "Packages/FlatlineKit" */,
			);
			productRefGroup = F1A700000000000000000G05 /* Products */;
			projectDirPath = "";
			projectRoot = "";
			targets = (
				F1A700000000000000000T01 /* Flatline */,
				F1A700000000000000000T02 /* FlatlineWidgetsExtension */,
			);
		};
/* End PBXProject section */

/* Begin PBXResourcesBuildPhase section */
		F1A700000000000000000R01 /* Resources */ = {
			isa = PBXResourcesBuildPhase;
			buildActionMask = 2147483647;
			files = (
				F1A700000000000000000B02 /* Assets.xcassets in Resources */,
			);
			runOnlyForDeploymentPostprocessing = 0;
		};
/* End PBXResourcesBuildPhase section */

/* Begin PBXSourcesBuildPhase section */
		F1A700000000000000000S01 /* Sources */ = {
			isa = PBXSourcesBuildPhase;
			buildActionMask = 2147483647;
			files = (
				F1A700000000000000000B01 /* FlatlineApp.swift in Sources */,
			);
			runOnlyForDeploymentPostprocessing = 0;
		};
		F1A700000000000000000S02 /* Sources */ = {
			isa = PBXSourcesBuildPhase;
			buildActionMask = 2147483647;
			files = (
				F1A700000000000000000B05 /* FlatlineWidgetBundle.swift in Sources */,
			);
			runOnlyForDeploymentPostprocessing = 0;
		};
/* End PBXSourcesBuildPhase section */

/* Begin PBXTargetDependency section */
		F1A700000000000000000D01 /* PBXTargetDependency */ = {
			isa = PBXTargetDependency;
			target = F1A700000000000000000T02 /* FlatlineWidgetsExtension */;
			targetProxy = F1A700000000000000000CP1 /* PBXContainerItemProxy */;
		};
/* End PBXTargetDependency section */

/* Begin XCBuildConfiguration section */
		F1A700000000000000000C01 /* Debug */ = {
			isa = XCBuildConfiguration;
			buildSettings = {
				ALWAYS_SEARCH_USER_PATHS = NO;
				ASSETCATALOG_COMPILER_GENERATE_SWIFT_ASSET_SYMBOL_EXTENSIONS = YES;
				CLANG_ENABLE_MODULES = YES;
				CLANG_ENABLE_OBJC_ARC = YES;
				CODE_SIGN_STYLE = Automatic;
				COPY_PHASE_STRIP = NO;
				DEBUG_INFORMATION_FORMAT = dwarf;
				DEVELOPMENT_TEAM = 59SU2PWL49;
				ENABLE_STRICT_OBJC_MSGSEND = YES;
				ENABLE_TESTABILITY = YES;
				ENABLE_USER_SCRIPT_SANDBOXING = YES;
				GCC_C_LANGUAGE_STANDARD = gnu17;
				GCC_DYNAMIC_NO_PIC = NO;
				GCC_NO_COMMON_BLOCKS = YES;
				GCC_OPTIMIZATION_LEVEL = 0;
				GCC_PREPROCESSOR_DEFINITIONS = (
					"DEBUG=1",
					"$(inherited)",
				);
				IPHONEOS_DEPLOYMENT_TARGET = 17.0;
				LOCALIZATION_PREFERS_STRING_CATALOGS = YES;
				MTL_ENABLE_DEBUG_INFO = INCLUDE_SOURCE;
				MTL_FAST_MATH = YES;
				ONLY_ACTIVE_ARCH = YES;
				SDKROOT = iphoneos;
				SWIFT_ACTIVE_COMPILATION_CONDITIONS = "DEBUG $(inherited)";
				SWIFT_OPTIMIZATION_LEVEL = "-Onone";
				SWIFT_VERSION = 5.0;
			};
			name = Debug;
		};
		F1A700000000000000000C02 /* Release */ = {
			isa = XCBuildConfiguration;
			buildSettings = {
				ALWAYS_SEARCH_USER_PATHS = NO;
				ASSETCATALOG_COMPILER_GENERATE_SWIFT_ASSET_SYMBOL_EXTENSIONS = YES;
				CLANG_ENABLE_MODULES = YES;
				CLANG_ENABLE_OBJC_ARC = YES;
				CODE_SIGN_STYLE = Automatic;
				COPY_PHASE_STRIP = NO;
				DEBUG_INFORMATION_FORMAT = "dwarf-with-dsym";
				DEVELOPMENT_TEAM = 59SU2PWL49;
				ENABLE_NS_ASSERTIONS = NO;
				ENABLE_STRICT_OBJC_MSGSEND = YES;
				ENABLE_USER_SCRIPT_SANDBOXING = YES;
				GCC_C_LANGUAGE_STANDARD = gnu17;
				GCC_NO_COMMON_BLOCKS = YES;
				IPHONEOS_DEPLOYMENT_TARGET = 17.0;
				LOCALIZATION_PREFERS_STRING_CATALOGS = YES;
				MTL_ENABLE_DEBUG_INFO = NO;
				MTL_FAST_MATH = YES;
				SDKROOT = iphoneos;
				SWIFT_COMPILATION_MODE = wholemodule;
				SWIFT_VERSION = 5.0;
				VALIDATE_PRODUCT = YES;
			};
			name = Release;
		};
		F1A700000000000000000C03 /* Debug */ = {
			isa = XCBuildConfiguration;
			buildSettings = {
				ASSETCATALOG_COMPILER_APPICON_NAME = AppIcon;
				CODE_SIGN_ENTITLEMENTS = Flatline/Flatline.entitlements;
				CURRENT_PROJECT_VERSION = 1;
				ENABLE_PREVIEWS = YES;
				GENERATE_INFOPLIST_FILE = YES;
				INFOPLIST_KEY_CFBundleDisplayName = Flatline;
				INFOPLIST_KEY_NSSupportsLiveActivities = YES;
				INFOPLIST_KEY_UIApplicationSceneManifest_Generation = YES;
				INFOPLIST_KEY_UIApplicationSupportsIndirectInputEvents = YES;
				INFOPLIST_KEY_UILaunchScreen_Generation = YES;
				INFOPLIST_KEY_UISupportedInterfaceOrientations = UIInterfaceOrientationPortrait;
				LD_RUNPATH_SEARCH_PATHS = (
					"$(inherited)",
					"@executable_path/Frameworks",
				);
				MARKETING_VERSION = 1.0;
				PRODUCT_BUNDLE_IDENTIFIER = com.alexmartin.flatline;
				PRODUCT_NAME = "$(TARGET_NAME)";
				SWIFT_EMIT_LOC_STRINGS = YES;
				TARGETED_DEVICE_FAMILY = 1;
			};
			name = Debug;
		};
		F1A700000000000000000C04 /* Release */ = {
			isa = XCBuildConfiguration;
			buildSettings = {
				ASSETCATALOG_COMPILER_APPICON_NAME = AppIcon;
				CODE_SIGN_ENTITLEMENTS = Flatline/Flatline.entitlements;
				CURRENT_PROJECT_VERSION = 1;
				ENABLE_PREVIEWS = YES;
				GENERATE_INFOPLIST_FILE = YES;
				INFOPLIST_KEY_CFBundleDisplayName = Flatline;
				INFOPLIST_KEY_NSSupportsLiveActivities = YES;
				INFOPLIST_KEY_UIApplicationSceneManifest_Generation = YES;
				INFOPLIST_KEY_UIApplicationSupportsIndirectInputEvents = YES;
				INFOPLIST_KEY_UILaunchScreen_Generation = YES;
				INFOPLIST_KEY_UISupportedInterfaceOrientations = UIInterfaceOrientationPortrait;
				LD_RUNPATH_SEARCH_PATHS = (
					"$(inherited)",
					"@executable_path/Frameworks",
				);
				MARKETING_VERSION = 1.0;
				PRODUCT_BUNDLE_IDENTIFIER = com.alexmartin.flatline;
				PRODUCT_NAME = "$(TARGET_NAME)";
				SWIFT_EMIT_LOC_STRINGS = YES;
				TARGETED_DEVICE_FAMILY = 1;
			};
			name = Release;
		};
		F1A700000000000000000C05 /* Debug */ = {
			isa = XCBuildConfiguration;
			buildSettings = {
				ASSETCATALOG_COMPILER_GLOBAL_ACCENT_COLOR_NAME = "";
				ASSETCATALOG_COMPILER_WIDGET_BACKGROUND_COLOR_NAME = "";
				CODE_SIGN_ENTITLEMENTS = FlatlineWidgets/FlatlineWidgets.entitlements;
				CURRENT_PROJECT_VERSION = 1;
				GENERATE_INFOPLIST_FILE = YES;
				INFOPLIST_FILE = FlatlineWidgets/Info.plist;
				INFOPLIST_KEY_CFBundleDisplayName = FlatlineWidgets;
				INFOPLIST_KEY_NSHumanReadableCopyright = "";
				LD_RUNPATH_SEARCH_PATHS = (
					"$(inherited)",
					"@executable_path/Frameworks",
					"@executable_path/../../Frameworks",
				);
				MARKETING_VERSION = 1.0;
				PRODUCT_BUNDLE_IDENTIFIER = com.alexmartin.flatline.widgets;
				PRODUCT_NAME = "$(TARGET_NAME)";
				SKIP_INSTALL = YES;
				SWIFT_EMIT_LOC_STRINGS = YES;
				TARGETED_DEVICE_FAMILY = 1;
			};
			name = Debug;
		};
		F1A700000000000000000C06 /* Release */ = {
			isa = XCBuildConfiguration;
			buildSettings = {
				ASSETCATALOG_COMPILER_GLOBAL_ACCENT_COLOR_NAME = "";
				ASSETCATALOG_COMPILER_WIDGET_BACKGROUND_COLOR_NAME = "";
				CODE_SIGN_ENTITLEMENTS = FlatlineWidgets/FlatlineWidgets.entitlements;
				CURRENT_PROJECT_VERSION = 1;
				GENERATE_INFOPLIST_FILE = YES;
				INFOPLIST_FILE = FlatlineWidgets/Info.plist;
				INFOPLIST_KEY_CFBundleDisplayName = FlatlineWidgets;
				INFOPLIST_KEY_NSHumanReadableCopyright = "";
				LD_RUNPATH_SEARCH_PATHS = (
					"$(inherited)",
					"@executable_path/Frameworks",
					"@executable_path/../../Frameworks",
				);
				MARKETING_VERSION = 1.0;
				PRODUCT_BUNDLE_IDENTIFIER = com.alexmartin.flatline.widgets;
				PRODUCT_NAME = "$(TARGET_NAME)";
				SKIP_INSTALL = YES;
				SWIFT_EMIT_LOC_STRINGS = YES;
				TARGETED_DEVICE_FAMILY = 1;
			};
			name = Release;
		};
/* End XCBuildConfiguration section */

/* Begin XCConfigurationList section */
		F1A700000000000000000CL1 /* Build configuration list for PBXProject "Flatline" */ = {
			isa = XCConfigurationList;
			buildConfigurations = (
				F1A700000000000000000C01 /* Debug */,
				F1A700000000000000000C02 /* Release */,
			);
			defaultConfigurationIsVisible = 0;
			defaultConfigurationName = Release;
		};
		F1A700000000000000000CL2 /* Build configuration list for PBXNativeTarget "Flatline" */ = {
			isa = XCConfigurationList;
			buildConfigurations = (
				F1A700000000000000000C03 /* Debug */,
				F1A700000000000000000C04 /* Release */,
			);
			defaultConfigurationIsVisible = 0;
			defaultConfigurationName = Release;
		};
		F1A700000000000000000CL3 /* Build configuration list for PBXNativeTarget "FlatlineWidgetsExtension" */ = {
			isa = XCConfigurationList;
			buildConfigurations = (
				F1A700000000000000000C05 /* Debug */,
				F1A700000000000000000C06 /* Release */,
			);
			defaultConfigurationIsVisible = 0;
			defaultConfigurationName = Release;
		};
/* End XCConfigurationList section */

/* Begin XCLocalSwiftPackageReference section */
		F1A700000000000000000LP1 /* XCLocalSwiftPackageReference "Packages/FlatlineKit" */ = {
			isa = XCLocalSwiftPackageReference;
			relativePath = Packages/FlatlineKit;
		};
/* End XCLocalSwiftPackageReference section */

/* Begin XCSwiftPackageProductDependency section */
		F1A700000000000000000PD1 /* FlatlineKit */ = {
			isa = XCSwiftPackageProductDependency;
			productName = FlatlineKit;
		};
		F1A700000000000000000PD2 /* FlatlineKit */ = {
			isa = XCSwiftPackageProductDependency;
			productName = FlatlineKit;
		};
/* End XCSwiftPackageProductDependency section */
	};
	rootObject = F1A700000000000000000P01 /* Project object */;
}
